// !$*UTF8*$!
{
	archiveVersion = 1;
	classes = {
	};
	objectVersion = 46;
	objects = {

/* Begin PBXBuildFile section */
		1BEB84F2BE583F99752B890E /* Pods_freezaTests.framework in Frameworks */ = {isa = PBXBuildFile; fileRef = 909A33091845AEBB4ED300C4 /* Pods_freezaTests.framework */; };
		31AA46DA1D0B4249006C42BA /* EntryModel.swift in Sources */ = {isa = PBXBuildFile; fileRef = 31AA46D91D0B4249006C42BA /* EntryModel.swift */; };
		31CAC1471D0B412600E553AC /* AppDelegate.swift in Sources */ = {isa = PBXBuildFile; fileRef = 31CAC1461D0B412600E553AC /* AppDelegate.swift */; };
		31CAC14E1D0B412600E553AC /* Assets.xcassets in Resources */ = {isa = PBXBuildFile; fileRef = 31CAC14D1D0B412600E553AC /* Assets.xcassets */; };
		59BB8B9A81BB58ED02D0B06D /* Pods_freeza.framework in Frameworks */ = {isa = PBXBuildFile; fileRef = 34388C31C36FB7BDA62CC9DD /* Pods_freeza.framework */; };
		78321E1E258BF12A001A2A5B /* SettingsPresenter.swift in Sources */ = {isa = PBXBuildFile; fileRef = 78321E18258BF12A001A2A5B /* SettingsPresenter.swift */; };
		78321E1F258BF12A001A2A5B /* SettingsWorker.swift in Sources */ = {isa = PBXBuildFile; fileRef = 78321E19258BF12A001A2A5B /* SettingsWorker.swift */; };
		78321E20258BF12A001A2A5B /* SettingsRouter.swift in Sources */ = {isa = PBXBuildFile; fileRef = 78321E1A258BF12A001A2A5B /* SettingsRouter.swift */; };
		78321E21258BF12A001A2A5B /* SettingsModels.swift in Sources */ = {isa = PBXBuildFile; fileRef = 78321E1B258BF12A001A2A5B /* SettingsModels.swift */; };
		78321E22258BF12A001A2A5B /* SettingsViewController.swift in Sources */ = {isa = PBXBuildFile; fileRef = 78321E1C258BF12A001A2A5B /* SettingsViewController.swift */; };
		78321E23258BF12A001A2A5B /* SettingsInteractor.swift in Sources */ = {isa = PBXBuildFile; fileRef = 78321E1D258BF12A001A2A5B /* SettingsInteractor.swift */; };
		78321E30258BF140001A2A5B /* FavoritesViewController.swift in Sources */ = {isa = PBXBuildFile; fileRef = 78321E2A258BF140001A2A5B /* FavoritesViewController.swift */; };
		78321E31258BF140001A2A5B /* FavoritesInteractor.swift in Sources */ = {isa = PBXBuildFile; fileRef = 78321E2B258BF140001A2A5B /* FavoritesInteractor.swift */; };
		78321E3C258BF1A9001A2A5B /* Settings.storyboard in Resources */ = {isa = PBXBuildFile; fileRef = 78321E3B258BF1A9001A2A5B /* Settings.storyboard */; };
		78321E45258BF62A001A2A5B /* SettingsViewControllerTests.swift in Sources */ = {isa = PBXBuildFile; fileRef = 78321E44258BF62A001A2A5B /* SettingsViewControllerTests.swift */; };
		78321E4B258BF650001A2A5B /* SettingsInteractorTests.swift in Sources */ = {isa = PBXBuildFile; fileRef = 78321E4A258BF650001A2A5B /* SettingsInteractorTests.swift */; };
		78321E4F258BF662001A2A5B /* SettingsPresenterTests.swift in Sources */ = {isa = PBXBuildFile; fileRef = 78321E4E258BF662001A2A5B /* SettingsPresenterTests.swift */; };
		78321E55258BF6F8001A2A5B /* FavoritesInteractorTests.swift in Sources */ = {isa = PBXBuildFile; fileRef = 78321E54258BF6F8001A2A5B /* FavoritesInteractorTests.swift */; };
		78321E5D258BF721001A2A5B /* FavoritesViewControllerTests.swift in Sources */ = {isa = PBXBuildFile; fileRef = 78321E5C258BF721001A2A5B /* FavoritesViewControllerTests.swift */; };
		78321E62258BF953001A2A5B /* TestUtilities.swift in Sources */ = {isa = PBXBuildFile; fileRef = 78321E61258BF953001A2A5B /* TestUtilities.swift */; };
		78321E66258BFA09001A2A5B /* Constants.swift in Sources */ = {isa = PBXBuildFile; fileRef = 78321E65258BFA09001A2A5B /* Constants.swift */; };
		78321E7F258C0218001A2A5B /* Main.storyboard in Resources */ = {isa = PBXBuildFile; fileRef = 78321E7D258C0218001A2A5B /* Main.storyboard */; };
		78321E80258C0218001A2A5B /* LaunchScreen.storyboard in Resources */ = {isa = PBXBuildFile; fileRef = 78321E7E258C0218001A2A5B /* LaunchScreen.storyboard */; };
		78321E8D258C054E001A2A5B /* LocalQuickStorageWorker.swift in Sources */ = {isa = PBXBuildFile; fileRef = 78321E8C258C054E001A2A5B /* LocalQuickStorageWorker.swift */; };
		78321E95258C06F1001A2A5B /* UserDefaultsService.swift in Sources */ = {isa = PBXBuildFile; fileRef = 78321E94258C06F1001A2A5B /* UserDefaultsService.swift */; };
		78321E9C258C07F6001A2A5B /* LocalQuickStorageWorkerTests.swift in Sources */ = {isa = PBXBuildFile; fileRef = 78321E9B258C07F6001A2A5B /* LocalQuickStorageWorkerTests.swift */; };
		78321EB4258C0C89001A2A5B /* SettingsCustomTableViewCell.swift in Sources */ = {isa = PBXBuildFile; fileRef = 78321EB2258C0C89001A2A5B /* SettingsCustomTableViewCell.swift */; };
		78321EB5258C0C89001A2A5B /* SettingsCustomTableViewCell.xib in Resources */ = {isa = PBXBuildFile; fileRef = 78321EB3258C0C89001A2A5B /* SettingsCustomTableViewCell.xib */; };
		78321F29258C3825001A2A5B /* RealmEntryModel.swift in Sources */ = {isa = PBXBuildFile; fileRef = 78321F28258C3825001A2A5B /* RealmEntryModel.swift */; };
		78321F2F258C3A0A001A2A5B /* EntryWorker.swift in Sources */ = {isa = PBXBuildFile; fileRef = 78321F2E258C3A0A001A2A5B /* EntryWorker.swift */; };
		78321F34258C3CC4001A2A5B /* EntryRealmStore.swift in Sources */ = {isa = PBXBuildFile; fileRef = 78321F33258C3CC4001A2A5B /* EntryRealmStore.swift */; };
		78321F3A258C3F06001A2A5B /* RealmHelper.swift in Sources */ = {isa = PBXBuildFile; fileRef = 78321F39258C3F06001A2A5B /* RealmHelper.swift */; };
		78321F3E258C4339001A2A5B /* EntryWorkerTests.swift in Sources */ = {isa = PBXBuildFile; fileRef = 78321F3D258C4339001A2A5B /* EntryWorkerTests.swift */; };
		78321F4C258C4C9D001A2A5B /* EntryCustomTableViewCell.swift in Sources */ = {isa = PBXBuildFile; fileRef = 78321F4A258C4C9D001A2A5B /* EntryCustomTableViewCell.swift */; };
		78321F4D258C4C9D001A2A5B /* EntryCustomTableViewCell.xib in Resources */ = {isa = PBXBuildFile; fileRef = 78321F4B258C4C9D001A2A5B /* EntryCustomTableViewCell.xib */; };
		78474BB3258C597E00C78ACE /* UIView+Animations.swift in Sources */ = {isa = PBXBuildFile; fileRef = 78474BB2258C597E00C78ACE /* UIView+Animations.swift */; };
		78474BD4258C5F6400C78ACE /* Favorites.storyboard in Resources */ = {isa = PBXBuildFile; fileRef = 78474BD3258C5F6400C78ACE /* Favorites.storyboard */; };
		78474BD8258C60ED00C78ACE /* UIImage+Effects.swift in Sources */ = {isa = PBXBuildFile; fileRef = 78474BD7258C60ED00C78ACE /* UIImage+Effects.swift */; };
		78474BE2258CDBD900C78ACE /* MainEntryPresenter.swift in Sources */ = {isa = PBXBuildFile; fileRef = 78474BDC258CDBD900C78ACE /* MainEntryPresenter.swift */; };
		78474BE3258CDBD900C78ACE /* MainEntryWorker.swift in Sources */ = {isa = PBXBuildFile; fileRef = 78474BDD258CDBD900C78ACE /* MainEntryWorker.swift */; };
		78474BE4258CDBD900C78ACE /* MainEntryRouter.swift in Sources */ = {isa = PBXBuildFile; fileRef = 78474BDE258CDBD900C78ACE /* MainEntryRouter.swift */; };
		78474BE5258CDBD900C78ACE /* MainEntryModels.swift in Sources */ = {isa = PBXBuildFile; fileRef = 78474BDF258CDBD900C78ACE /* MainEntryModels.swift */; };
		78474BE6258CDBD900C78ACE /* MainEntryViewController.swift in Sources */ = {isa = PBXBuildFile; fileRef = 78474BE0258CDBD900C78ACE /* MainEntryViewController.swift */; };
		78474BE7258CDBD900C78ACE /* MainEntryStoreInteractor.swift in Sources */ = {isa = PBXBuildFile; fileRef = 78474BE1258CDBD900C78ACE /* MainEntryStoreInteractor.swift */; };
		78474C09258CF3B400C78ACE /* TopEntriesViewController.swift in Sources */ = {isa = PBXBuildFile; fileRef = 78474C03258CF3B400C78ACE /* TopEntriesViewController.swift */; };
		78474C0A258CF3B400C78ACE /* TopEntriesInteractor.swift in Sources */ = {isa = PBXBuildFile; fileRef = 78474C04258CF3B400C78ACE /* TopEntriesInteractor.swift */; };
		78474C14258CF54F00C78ACE /* TopEntry.storyboard in Resources */ = {isa = PBXBuildFile; fileRef = 78474C13258CF54F00C78ACE /* TopEntry.storyboard */; };
		7879A5CB258CFBD900E0896F /* MainEntryPresenterTests.swift in Sources */ = {isa = PBXBuildFile; fileRef = 7879A5CA258CFBD900E0896F /* MainEntryPresenterTests.swift */; };
		7879A5D3258CFD0800E0896F /* APIWorker.swift in Sources */ = {isa = PBXBuildFile; fileRef = 7879A5D2258CFD0800E0896F /* APIWorker.swift */; };
		7879A5D8258CFDF600E0896F /* RedditAPI.swift in Sources */ = {isa = PBXBuildFile; fileRef = 7879A5D7258CFDF600E0896F /* RedditAPI.swift */; };
		7879A5DF258D02A500E0896F /* TopEntriesInteractorTests.swift in Sources */ = {isa = PBXBuildFile; fileRef = 7879A5DE258D02A500E0896F /* TopEntriesInteractorTests.swift */; };
		7879A5E5258D02D000E0896F /* TopEntriesViewControllerTests.swift in Sources */ = {isa = PBXBuildFile; fileRef = 7879A5E4258D02D000E0896F /* TopEntriesViewControllerTests.swift */; };
		7879A615258D12D000E0896F /* DispatchQueueHelper.swift in Sources */ = {isa = PBXBuildFile; fileRef = 7879A614258D12D000E0896F /* DispatchQueueHelper.swift */; };
		7879A624258D2F1E00E0896F /* RedditMockAPI.swift in Sources */ = {isa = PBXBuildFile; fileRef = 7879A623258D2F1E00E0896F /* RedditMockAPI.swift */; };
		7879A63F258D54F600E0896F /* TimerHelperTests.swift in Sources */ = {isa = PBXBuildFile; fileRef = 7879A63E258D54F600E0896F /* TimerHelperTests.swift */; };
		7879A64F258D5E2C00E0896F /* UserDefaults+Custom.swift in Sources */ = {isa = PBXBuildFile; fileRef = 7879A64E258D5E2C00E0896F /* UserDefaults+Custom.swift */; };
		7879A65F258D762300E0896F /* MainEntryInteractor.swift in Sources */ = {isa = PBXBuildFile; fileRef = 7879A65E258D762300E0896F /* MainEntryInteractor.swift */; };
		7879A66D258D7A9E00E0896F /* URLDetailPresenter.swift in Sources */ = {isa = PBXBuildFile; fileRef = 7879A667258D7A9E00E0896F /* URLDetailPresenter.swift */; };
		7879A66F258D7A9E00E0896F /* URLDetailRouter.swift in Sources */ = {isa = PBXBuildFile; fileRef = 7879A669258D7A9E00E0896F /* URLDetailRouter.swift */; };
		7879A670258D7A9E00E0896F /* URLDetailModels.swift in Sources */ = {isa = PBXBuildFile; fileRef = 7879A66A258D7A9E00E0896F /* URLDetailModels.swift */; };
		7879A671258D7A9E00E0896F /* URLDetailViewController.swift in Sources */ = {isa = PBXBuildFile; fileRef = 7879A66B258D7A9E00E0896F /* URLDetailViewController.swift */; };
		7879A672258D7A9E00E0896F /* URLDetailInteractor.swift in Sources */ = {isa = PBXBuildFile; fileRef = 7879A66C258D7A9E00E0896F /* URLDetailInteractor.swift */; };
		7879A67A258D7B3600E0896F /* URLDetail.storyboard in Resources */ = {isa = PBXBuildFile; fileRef = 7879A679258D7B3600E0896F /* URLDetail.storyboard */; };
		78971BF1258D837A00B5E0E9 /* URLDetailViewControllerTests.swift in Sources */ = {isa = PBXBuildFile; fileRef = 78971BF0258D837A00B5E0E9 /* URLDetailViewControllerTests.swift */; };
		78971BF7258D839800B5E0E9 /* URLDetailInteractorTests.swift in Sources */ = {isa = PBXBuildFile; fileRef = 78971BF6258D839800B5E0E9 /* URLDetailInteractorTests.swift */; };
		78971BFB258D83D200B5E0E9 /* URLDetailPresenterTests.swift in Sources */ = {isa = PBXBuildFile; fileRef = 78971BFA258D83D200B5E0E9 /* URLDetailPresenterTests.swift */; };
/* End PBXBuildFile section */

/* Begin PBXContainerItemProxy section */
		31CAC1581D0B412600E553AC /* PBXContainerItemProxy */ = {
			isa = PBXContainerItemProxy;
			containerPortal = 31CAC13B1D0B412600E553AC /* Project object */;
			proxyType = 1;
			remoteGlobalIDString = 31CAC1421D0B412600E553AC;
			remoteInfo = freeza;
		};
/* End PBXContainerItemProxy section */

/* Begin PBXFileReference section */
		31AA46D91D0B4249006C42BA /* EntryModel.swift */ = {isa = PBXFileReference; fileEncoding = 4; lastKnownFileType = sourcecode.swift; name = EntryModel.swift; path = Models/Structs/EntryModel.swift; sourceTree = "<group>"; };
		31CAC1431D0B412600E553AC /* freeza.app */ = {isa = PBXFileReference; explicitFileType = wrapper.application; includeInIndex = 0; path = freeza.app; sourceTree = BUILT_PRODUCTS_DIR; };
		31CAC1461D0B412600E553AC /* AppDelegate.swift */ = {isa = PBXFileReference; lastKnownFileType = sourcecode.swift; name = AppDelegate.swift; path = Support/AppDelegate.swift; sourceTree = "<group>"; };
		31CAC14D1D0B412600E553AC /* Assets.xcassets */ = {isa = PBXFileReference; lastKnownFileType = folder.assetcatalog; path = Assets.xcassets; sourceTree = "<group>"; };
		31CAC1521D0B412600E553AC /* Info.plist */ = {isa = PBXFileReference; lastKnownFileType = text.plist.xml; path = Info.plist; sourceTree = "<group>"; };
		31CAC1571D0B412600E553AC /* freezaTests.xctest */ = {isa = PBXFileReference; explicitFileType = wrapper.cfbundle; includeInIndex = 0; path = freezaTests.xctest; sourceTree = BUILT_PRODUCTS_DIR; };
		31CAC15D1D0B412600E553AC /* Info.plist */ = {isa = PBXFileReference; lastKnownFileType = text.plist.xml; path = Info.plist; sourceTree = "<group>"; };
		34388C31C36FB7BDA62CC9DD /* Pods_freeza.framework */ = {isa = PBXFileReference; explicitFileType = wrapper.framework; includeInIndex = 0; path = Pods_freeza.framework; sourceTree = BUILT_PRODUCTS_DIR; };
		78321E18258BF12A001A2A5B /* SettingsPresenter.swift */ = {isa = PBXFileReference; lastKnownFileType = sourcecode.swift; name = SettingsPresenter.swift; path = Scenes/Settings/SettingsPresenter.swift; sourceTree = "<group>"; };
		78321E19258BF12A001A2A5B /* SettingsWorker.swift */ = {isa = PBXFileReference; lastKnownFileType = sourcecode.swift; name = SettingsWorker.swift; path = Scenes/Settings/SettingsWorker.swift; sourceTree = "<group>"; };
		78321E1A258BF12A001A2A5B /* SettingsRouter.swift */ = {isa = PBXFileReference; lastKnownFileType = sourcecode.swift; name = SettingsRouter.swift; path = Scenes/Settings/SettingsRouter.swift; sourceTree = "<group>"; };
		78321E1B258BF12A001A2A5B /* SettingsModels.swift */ = {isa = PBXFileReference; lastKnownFileType = sourcecode.swift; name = SettingsModels.swift; path = Scenes/Settings/SettingsModels.swift; sourceTree = "<group>"; };
		78321E1C258BF12A001A2A5B /* SettingsViewController.swift */ = {isa = PBXFileReference; lastKnownFileType = sourcecode.swift; name = SettingsViewController.swift; path = Scenes/Settings/SettingsViewController.swift; sourceTree = "<group>"; };
		78321E1D258BF12A001A2A5B /* SettingsInteractor.swift */ = {isa = PBXFileReference; lastKnownFileType = sourcecode.swift; name = SettingsInteractor.swift; path = Scenes/Settings/SettingsInteractor.swift; sourceTree = "<group>"; };
		78321E2A258BF140001A2A5B /* FavoritesViewController.swift */ = {isa = PBXFileReference; lastKnownFileType = sourcecode.swift; name = FavoritesViewController.swift; path = Scenes/Favorites/FavoritesViewController.swift; sourceTree = "<group>"; };
		78321E2B258BF140001A2A5B /* FavoritesInteractor.swift */ = {isa = PBXFileReference; lastKnownFileType = sourcecode.swift; name = FavoritesInteractor.swift; path = Scenes/Favorites/FavoritesInteractor.swift; sourceTree = "<group>"; };
		78321E3B258BF1A9001A2A5B /* Settings.storyboard */ = {isa = PBXFileReference; fileEncoding = 4; lastKnownFileType = file.storyboard; name = Settings.storyboard; path = Scenes/Settings/Settings.storyboard; sourceTree = "<group>"; };
		78321E44258BF62A001A2A5B /* SettingsViewControllerTests.swift */ = {isa = PBXFileReference; lastKnownFileType = sourcecode.swift; path = SettingsViewControllerTests.swift; sourceTree = "<group>"; };
		78321E4A258BF650001A2A5B /* SettingsInteractorTests.swift */ = {isa = PBXFileReference; lastKnownFileType = sourcecode.swift; path = SettingsInteractorTests.swift; sourceTree = "<group>"; };
		78321E4E258BF662001A2A5B /* SettingsPresenterTests.swift */ = {isa = PBXFileReference; lastKnownFileType = sourcecode.swift; path = SettingsPresenterTests.swift; sourceTree = "<group>"; };
		78321E54258BF6F8001A2A5B /* FavoritesInteractorTests.swift */ = {isa = PBXFileReference; lastKnownFileType = sourcecode.swift; path = FavoritesInteractorTests.swift; sourceTree = "<group>"; };
		78321E5C258BF721001A2A5B /* FavoritesViewControllerTests.swift */ = {isa = PBXFileReference; lastKnownFileType = sourcecode.swift; path = FavoritesViewControllerTests.swift; sourceTree = "<group>"; };
		78321E61258BF953001A2A5B /* TestUtilities.swift */ = {isa = PBXFileReference; lastKnownFileType = sourcecode.swift; name = TestUtilities.swift; path = freeza/Utilities/TestUtilities.swift; sourceTree = SOURCE_ROOT; };
		78321E65258BFA09001A2A5B /* Constants.swift */ = {isa = PBXFileReference; lastKnownFileType = sourcecode.swift; name = Constants.swift; path = Utilities/Constants.swift; sourceTree = "<group>"; };
		78321E7D258C0218001A2A5B /* Main.storyboard */ = {isa = PBXFileReference; fileEncoding = 4; lastKnownFileType = file.storyboard; name = Main.storyboard; path = Storyboards/Main.storyboard; sourceTree = "<group>"; };
		78321E7E258C0218001A2A5B /* LaunchScreen.storyboard */ = {isa = PBXFileReference; fileEncoding = 4; lastKnownFileType = file.storyboard; name = LaunchScreen.storyboard; path = Storyboards/LaunchScreen.storyboard; sourceTree = "<group>"; };
		78321E8C258C054E001A2A5B /* LocalQuickStorageWorker.swift */ = {isa = PBXFileReference; lastKnownFileType = sourcecode.swift; name = LocalQuickStorageWorker.swift; path = Workers/LocalQuickStorageWorker.swift; sourceTree = "<group>"; };
		78321E94258C06F1001A2A5B /* UserDefaultsService.swift */ = {isa = PBXFileReference; lastKnownFileType = sourcecode.swift; name = UserDefaultsService.swift; path = Services/LocalQuickStorage/UserDefaultsService.swift; sourceTree = "<group>"; };
		78321E9B258C07F6001A2A5B /* LocalQuickStorageWorkerTests.swift */ = {isa = PBXFileReference; lastKnownFileType = sourcecode.swift; path = LocalQuickStorageWorkerTests.swift; sourceTree = "<group>"; };
		78321EB2258C0C89001A2A5B /* SettingsCustomTableViewCell.swift */ = {isa = PBXFileReference; lastKnownFileType = sourcecode.swift; name = SettingsCustomTableViewCell.swift; path = Scenes/Settings/CustomCells/SettingsCustomTableViewCell.swift; sourceTree = "<group>"; };
		78321EB3258C0C89001A2A5B /* SettingsCustomTableViewCell.xib */ = {isa = PBXFileReference; lastKnownFileType = file.xib; name = SettingsCustomTableViewCell.xib; path = Scenes/Settings/CustomCells/SettingsCustomTableViewCell.xib; sourceTree = "<group>"; };
		78321F28258C3825001A2A5B /* RealmEntryModel.swift */ = {isa = PBXFileReference; lastKnownFileType = sourcecode.swift; name = RealmEntryModel.swift; path = Models/Realm/RealmEntryModel.swift; sourceTree = "<group>"; };
		78321F2E258C3A0A001A2A5B /* EntryWorker.swift */ = {isa = PBXFileReference; lastKnownFileType = sourcecode.swift; name = EntryWorker.swift; path = Workers/EntryWorker.swift; sourceTree = "<group>"; };
		78321F33258C3CC4001A2A5B /* EntryRealmStore.swift */ = {isa = PBXFileReference; lastKnownFileType = sourcecode.swift; name = EntryRealmStore.swift; path = Services/Database/Realm/EntryRealmStore.swift; sourceTree = "<group>"; };
		78321F39258C3F06001A2A5B /* RealmHelper.swift */ = {isa = PBXFileReference; lastKnownFileType = sourcecode.swift; name = RealmHelper.swift; path = Utilities/RealmHelper.swift; sourceTree = "<group>"; };
		78321F3D258C4339001A2A5B /* EntryWorkerTests.swift */ = {isa = PBXFileReference; lastKnownFileType = sourcecode.swift; path = EntryWorkerTests.swift; sourceTree = "<group>"; };
		78321F4A258C4C9D001A2A5B /* EntryCustomTableViewCell.swift */ = {isa = PBXFileReference; lastKnownFileType = sourcecode.swift; name = EntryCustomTableViewCell.swift; path = TableViewCells/EntryTableCustomTableViewCell/EntryCustomTableViewCell.swift; sourceTree = "<group>"; };
		78321F4B258C4C9D001A2A5B /* EntryCustomTableViewCell.xib */ = {isa = PBXFileReference; lastKnownFileType = file.xib; name = EntryCustomTableViewCell.xib; path = TableViewCells/EntryTableCustomTableViewCell/EntryCustomTableViewCell.xib; sourceTree = "<group>"; };
		78474BB2258C597E00C78ACE /* UIView+Animations.swift */ = {isa = PBXFileReference; lastKnownFileType = sourcecode.swift; name = "UIView+Animations.swift"; path = "Utilities/UIView+Animations.swift"; sourceTree = "<group>"; };
		78474BD3258C5F6400C78ACE /* Favorites.storyboard */ = {isa = PBXFileReference; fileEncoding = 4; lastKnownFileType = file.storyboard; name = Favorites.storyboard; path = Scenes/Favorites/Favorites.storyboard; sourceTree = "<group>"; };
		78474BD7258C60ED00C78ACE /* UIImage+Effects.swift */ = {isa = PBXFileReference; lastKnownFileType = sourcecode.swift; name = "UIImage+Effects.swift"; path = "Utilities/UIImage+Effects.swift"; sourceTree = "<group>"; };
		78474BDC258CDBD900C78ACE /* MainEntryPresenter.swift */ = {isa = PBXFileReference; lastKnownFileType = sourcecode.swift; name = MainEntryPresenter.swift; path = Scenes/MainEntry/MainEntryPresenter.swift; sourceTree = "<group>"; };
		78474BDD258CDBD900C78ACE /* MainEntryWorker.swift */ = {isa = PBXFileReference; lastKnownFileType = sourcecode.swift; name = MainEntryWorker.swift; path = Scenes/MainEntry/MainEntryWorker.swift; sourceTree = "<group>"; };
		78474BDE258CDBD900C78ACE /* MainEntryRouter.swift */ = {isa = PBXFileReference; lastKnownFileType = sourcecode.swift; name = MainEntryRouter.swift; path = Scenes/MainEntry/MainEntryRouter.swift; sourceTree = "<group>"; };
		78474BDF258CDBD900C78ACE /* MainEntryModels.swift */ = {isa = PBXFileReference; lastKnownFileType = sourcecode.swift; name = MainEntryModels.swift; path = Scenes/MainEntry/MainEntryModels.swift; sourceTree = "<group>"; };
		78474BE0258CDBD900C78ACE /* MainEntryViewController.swift */ = {isa = PBXFileReference; lastKnownFileType = sourcecode.swift; name = MainEntryViewController.swift; path = Scenes/MainEntry/MainEntryViewController.swift; sourceTree = "<group>"; };
		78474BE1258CDBD900C78ACE /* MainEntryStoreInteractor.swift */ = {isa = PBXFileReference; lastKnownFileType = sourcecode.swift; name = MainEntryStoreInteractor.swift; path = Scenes/MainEntry/MainEntryStoreInteractor.swift; sourceTree = "<group>"; };
		78474C03258CF3B400C78ACE /* TopEntriesViewController.swift */ = {isa = PBXFileReference; lastKnownFileType = sourcecode.swift; name = TopEntriesViewController.swift; path = Scenes/TopEntries/TopEntriesViewController.swift; sourceTree = "<group>"; };
		78474C04258CF3B400C78ACE /* TopEntriesInteractor.swift */ = {isa = PBXFileReference; lastKnownFileType = sourcecode.swift; name = TopEntriesInteractor.swift; path = Scenes/TopEntries/TopEntriesInteractor.swift; sourceTree = "<group>"; };
		78474C13258CF54F00C78ACE /* TopEntry.storyboard */ = {isa = PBXFileReference; fileEncoding = 4; lastKnownFileType = file.storyboard; name = TopEntry.storyboard; path = Scenes/TopEntries/TopEntry.storyboard; sourceTree = "<group>"; };
		7879A5CA258CFBD900E0896F /* MainEntryPresenterTests.swift */ = {isa = PBXFileReference; lastKnownFileType = sourcecode.swift; path = MainEntryPresenterTests.swift; sourceTree = "<group>"; };
		7879A5D2258CFD0800E0896F /* APIWorker.swift */ = {isa = PBXFileReference; lastKnownFileType = sourcecode.swift; name = APIWorker.swift; path = Workers/APIWorker.swift; sourceTree = "<group>"; };
		7879A5D7258CFDF600E0896F /* RedditAPI.swift */ = {isa = PBXFileReference; lastKnownFileType = sourcecode.swift; name = RedditAPI.swift; path = Services/RedditAPI/RedditAPI.swift; sourceTree = "<group>"; };
		7879A5DE258D02A500E0896F /* TopEntriesInteractorTests.swift */ = {isa = PBXFileReference; lastKnownFileType = sourcecode.swift; path = TopEntriesInteractorTests.swift; sourceTree = "<group>"; };
		7879A5E4258D02D000E0896F /* TopEntriesViewControllerTests.swift */ = {isa = PBXFileReference; lastKnownFileType = sourcecode.swift; path = TopEntriesViewControllerTests.swift; sourceTree = "<group>"; };
		7879A614258D12D000E0896F /* DispatchQueueHelper.swift */ = {isa = PBXFileReference; lastKnownFileType = sourcecode.swift; name = DispatchQueueHelper.swift; path = Utilities/DispatchQueueHelper.swift; sourceTree = "<group>"; };
		7879A623258D2F1E00E0896F /* RedditMockAPI.swift */ = {isa = PBXFileReference; lastKnownFileType = sourcecode.swift; name = RedditMockAPI.swift; path = Services/RedditAPI/RedditMockAPI.swift; sourceTree = "<group>"; };
		7879A63E258D54F600E0896F /* TimerHelperTests.swift */ = {isa = PBXFileReference; lastKnownFileType = sourcecode.swift; path = TimerHelperTests.swift; sourceTree = "<group>"; };
		7879A64E258D5E2C00E0896F /* UserDefaults+Custom.swift */ = {isa = PBXFileReference; lastKnownFileType = sourcecode.swift; name = "UserDefaults+Custom.swift"; path = "Utilities/UserDefaults+Custom.swift"; sourceTree = "<group>"; };
		7879A65E258D762300E0896F /* MainEntryInteractor.swift */ = {isa = PBXFileReference; lastKnownFileType = sourcecode.swift; name = MainEntryInteractor.swift; path = Scenes/MainEntry/MainEntryInteractor.swift; sourceTree = "<group>"; };
		7879A667258D7A9E00E0896F /* URLDetailPresenter.swift */ = {isa = PBXFileReference; lastKnownFileType = sourcecode.swift; name = URLDetailPresenter.swift; path = Scenes/URLDetail/URLDetailPresenter.swift; sourceTree = "<group>"; };
		7879A669258D7A9E00E0896F /* URLDetailRouter.swift */ = {isa = PBXFileReference; lastKnownFileType = sourcecode.swift; name = URLDetailRouter.swift; path = Scenes/URLDetail/URLDetailRouter.swift; sourceTree = "<group>"; };
		7879A66A258D7A9E00E0896F /* URLDetailModels.swift */ = {isa = PBXFileReference; lastKnownFileType = sourcecode.swift; name = URLDetailModels.swift; path = Scenes/URLDetail/URLDetailModels.swift; sourceTree = "<group>"; };
		7879A66B258D7A9E00E0896F /* URLDetailViewController.swift */ = {isa = PBXFileReference; lastKnownFileType = sourcecode.swift; name = URLDetailViewController.swift; path = Scenes/URLDetail/URLDetailViewController.swift; sourceTree = "<group>"; };
		7879A66C258D7A9E00E0896F /* URLDetailInteractor.swift */ = {isa = PBXFileReference; lastKnownFileType = sourcecode.swift; name = URLDetailInteractor.swift; path = Scenes/URLDetail/URLDetailInteractor.swift; sourceTree = "<group>"; };
		7879A679258D7B3600E0896F /* URLDetail.storyboard */ = {isa = PBXFileReference; fileEncoding = 4; lastKnownFileType = file.storyboard; name = URLDetail.storyboard; path = Scenes/URLDetail/URLDetail.storyboard; sourceTree = "<group>"; };
		78971BF0258D837A00B5E0E9 /* URLDetailViewControllerTests.swift */ = {isa = PBXFileReference; lastKnownFileType = sourcecode.swift; path = URLDetailViewControllerTests.swift; sourceTree = "<group>"; };
		78971BF6258D839800B5E0E9 /* URLDetailInteractorTests.swift */ = {isa = PBXFileReference; lastKnownFileType = sourcecode.swift; path = URLDetailInteractorTests.swift; sourceTree = "<group>"; };
		78971BFA258D83D200B5E0E9 /* URLDetailPresenterTests.swift */ = {isa = PBXFileReference; lastKnownFileType = sourcecode.swift; path = URLDetailPresenterTests.swift; sourceTree = "<group>"; };
		909A33091845AEBB4ED300C4 /* Pods_freezaTests.framework */ = {isa = PBXFileReference; explicitFileType = wrapper.framework; includeInIndex = 0; path = Pods_freezaTests.framework; sourceTree = BUILT_PRODUCTS_DIR; };
		C6EC1E143D91C81BF8284811 /* Pods-freezaTests.debug.xcconfig */ = {isa = PBXFileReference; includeInIndex = 1; lastKnownFileType = text.xcconfig; name = "Pods-freezaTests.debug.xcconfig"; path = "Target Support Files/Pods-freezaTests/Pods-freezaTests.debug.xcconfig"; sourceTree = "<group>"; };
		CE0298C6E706765A2C7201CD /* Pods-freeza.debug.xcconfig */ = {isa = PBXFileReference; includeInIndex = 1; lastKnownFileType = text.xcconfig; name = "Pods-freeza.debug.xcconfig"; path = "Target Support Files/Pods-freeza/Pods-freeza.debug.xcconfig"; sourceTree = "<group>"; };
		EF9C87927D54562199904464 /* Pods-freeza.release.xcconfig */ = {isa = PBXFileReference; includeInIndex = 1; lastKnownFileType = text.xcconfig; name = "Pods-freeza.release.xcconfig"; path = "Target Support Files/Pods-freeza/Pods-freeza.release.xcconfig"; sourceTree = "<group>"; };
		F5AA146945BAF07FBF40D6E7 /* Pods-freezaTests.release.xcconfig */ = {isa = PBXFileReference; includeInIndex = 1; lastKnownFileType = text.xcconfig; name = "Pods-freezaTests.release.xcconfig"; path = "Target Support Files/Pods-freezaTests/Pods-freezaTests.release.xcconfig"; sourceTree = "<group>"; };
/* End PBXFileReference section */

/* Begin PBXFrameworksBuildPhase section */
		31CAC1401D0B412600E553AC /* Frameworks */ = {
			isa = PBXFrameworksBuildPhase;
			buildActionMask = 2147483647;
			files = (
				59BB8B9A81BB58ED02D0B06D /* Pods_freeza.framework in Frameworks */,
			);
			runOnlyForDeploymentPostprocessing = 0;
		};
		31CAC1541D0B412600E553AC /* Frameworks */ = {
			isa = PBXFrameworksBuildPhase;
			buildActionMask = 2147483647;
			files = (
				1BEB84F2BE583F99752B890E /* Pods_freezaTests.framework in Frameworks */,
			);
			runOnlyForDeploymentPostprocessing = 0;
		};
/* End PBXFrameworksBuildPhase section */

/* Begin PBXGroup section */
		14029880BD24B25959333BB8 /* Pods */ = {
			isa = PBXGroup;
			children = (
				CE0298C6E706765A2C7201CD /* Pods-freeza.debug.xcconfig */,
				EF9C87927D54562199904464 /* Pods-freeza.release.xcconfig */,
				C6EC1E143D91C81BF8284811 /* Pods-freezaTests.debug.xcconfig */,
				F5AA146945BAF07FBF40D6E7 /* Pods-freezaTests.release.xcconfig */,
			);
			path = Pods;
			sourceTree = "<group>";
		};
		31AA46FA1D0C5461006C42BA /* TableViewCells */ = {
			isa = PBXGroup;
			children = (
				78321F49258C4C6C001A2A5B /* EntryTableCustomTableViewCell */,
			);
			name = TableViewCells;
			sourceTree = "<group>";
		};
		31AA46FB1D0C5470006C42BA /* Support */ = {
			isa = PBXGroup;
			children = (
				31CAC1461D0B412600E553AC /* AppDelegate.swift */,
				31CAC14D1D0B412600E553AC /* Assets.xcassets */,
				31CAC1521D0B412600E553AC /* Info.plist */,
			);
			name = Support;
			sourceTree = "<group>";
		};
		31AA46FC1D0C5480006C42BA /* Storyboards */ = {
			isa = PBXGroup;
			children = (
				78321E7E258C0218001A2A5B /* LaunchScreen.storyboard */,
				78321E7D258C0218001A2A5B /* Main.storyboard */,
			);
			name = Storyboards;
			sourceTree = "<group>";
		};
		31CAC13A1D0B412600E553AC = {
			isa = PBXGroup;
			children = (
				31CAC1451D0B412600E553AC /* freeza */,
				31CAC15A1D0B412600E553AC /* freezaTests */,
				31CAC1441D0B412600E553AC /* Products */,
				14029880BD24B25959333BB8 /* Pods */,
				DC79D014F630542BD50DA36A /* Frameworks */,
			);
			sourceTree = "<group>";
		};
		31CAC1441D0B412600E553AC /* Products */ = {
			isa = PBXGroup;
			children = (
				31CAC1431D0B412600E553AC /* freeza.app */,
				31CAC1571D0B412600E553AC /* freezaTests.xctest */,
			);
			name = Products;
			sourceTree = "<group>";
		};
		31CAC1451D0B412600E553AC /* freeza */ = {
			isa = PBXGroup;
			children = (
				78321F26258C37F5001A2A5B /* Models */,
				78321E92258C06C1001A2A5B /* Services */,
				78321E8B258C04AE001A2A5B /* Workers */,
				78321E60258BF940001A2A5B /* Utilties */,
				78321E15258BF0E3001A2A5B /* Scenes */,
				31AA46FC1D0C5480006C42BA /* Storyboards */,
				31AA46FB1D0C5470006C42BA /* Support */,
				31AA46FA1D0C5461006C42BA /* TableViewCells */,
			);
			path = freeza;
			sourceTree = "<group>";
		};
		31CAC15A1D0B412600E553AC /* freezaTests */ = {
			isa = PBXGroup;
			children = (
				7879A63D258D54E200E0896F /* Helpers */,
				78321E9A258C07CB001A2A5B /* Worker */,
				78321E41258BF5F2001A2A5B /* Scenes */,
				31CAC15D1D0B412600E553AC /* Info.plist */,
			);
			path = freezaTests;
			sourceTree = "<group>";
		};
		78321E15258BF0E3001A2A5B /* Scenes */ = {
			isa = PBXGroup;
			children = (
				7879A662258D787500E0896F /* URLDetail */,
				78474BF6258CF20500C78ACE /* TopEntries */,
				78474BDB258CDBA100C78ACE /* MainEntry */,
				78321E17258BF0F1001A2A5B /* Settings */,
				78321E16258BF0E9001A2A5B /* Favorites */,
			);
			name = Scenes;
			sourceTree = "<group>";
		};
		78321E16258BF0E9001A2A5B /* Favorites */ = {
			isa = PBXGroup;
			children = (
				78474BD3258C5F6400C78ACE /* Favorites.storyboard */,
				78321E2A258BF140001A2A5B /* FavoritesViewController.swift */,
				78321E2B258BF140001A2A5B /* FavoritesInteractor.swift */,
			);
			name = Favorites;
			sourceTree = "<group>";
		};
		78321E17258BF0F1001A2A5B /* Settings */ = {
			isa = PBXGroup;
			children = (
				78321EA1258C0C38001A2A5B /* CustomCells */,
				78321E3B258BF1A9001A2A5B /* Settings.storyboard */,
				78321E18258BF12A001A2A5B /* SettingsPresenter.swift */,
				78321E19258BF12A001A2A5B /* SettingsWorker.swift */,
				78321E1A258BF12A001A2A5B /* SettingsRouter.swift */,
				78321E1B258BF12A001A2A5B /* SettingsModels.swift */,
				78321E1C258BF12A001A2A5B /* SettingsViewController.swift */,
				78321E1D258BF12A001A2A5B /* SettingsInteractor.swift */,
			);
			name = Settings;
			sourceTree = "<group>";
		};
		78321E41258BF5F2001A2A5B /* Scenes */ = {
			isa = PBXGroup;
			children = (
				78971BEF258D836B00B5E0E9 /* URLDetail */,
				7879A5DD258D028600E0896F /* TopEntries */,
				7879A5C3258CFBA700E0896F /* MainEntry */,
				78321E43258BF605001A2A5B /* Settings */,
				78321E42258BF5FD001A2A5B /* Favorites */,
			);
			name = Scenes;
			sourceTree = "<group>";
		};
		78321E42258BF5FD001A2A5B /* Favorites */ = {
			isa = PBXGroup;
			children = (
				78321E54258BF6F8001A2A5B /* FavoritesInteractorTests.swift */,
				78321E5C258BF721001A2A5B /* FavoritesViewControllerTests.swift */,
			);
			name = Favorites;
			sourceTree = "<group>";
		};
		78321E43258BF605001A2A5B /* Settings */ = {
			isa = PBXGroup;
			children = (
				78321E4A258BF650001A2A5B /* SettingsInteractorTests.swift */,
				78321E4E258BF662001A2A5B /* SettingsPresenterTests.swift */,
				78321E44258BF62A001A2A5B /* SettingsViewControllerTests.swift */,
			);
			name = Settings;
			sourceTree = "<group>";
		};
		78321E60258BF940001A2A5B /* Utilties */ = {
			isa = PBXGroup;
			children = (
				78321E61258BF953001A2A5B /* TestUtilities.swift */,
				78321E65258BFA09001A2A5B /* Constants.swift */,
				78321F39258C3F06001A2A5B /* RealmHelper.swift */,
				78474BB2258C597E00C78ACE /* UIView+Animations.swift */,
				78474BD7258C60ED00C78ACE /* UIImage+Effects.swift */,
				7879A614258D12D000E0896F /* DispatchQueueHelper.swift */,
				7879A64E258D5E2C00E0896F /* UserDefaults+Custom.swift */,
			);
			name = Utilties;
			sourceTree = "<group>";
		};
		78321E8B258C04AE001A2A5B /* Workers */ = {
			isa = PBXGroup;
			children = (
				78321E8C258C054E001A2A5B /* LocalQuickStorageWorker.swift */,
				78321F2E258C3A0A001A2A5B /* EntryWorker.swift */,
				7879A5D2258CFD0800E0896F /* APIWorker.swift */,
			);
			name = Workers;
			sourceTree = "<group>";
		};
		78321E92258C06C1001A2A5B /* Services */ = {
			isa = PBXGroup;
			children = (
				7879A5D6258CFDCD00E0896F /* RedditAPI */,
				78321F32258C3C6A001A2A5B /* Database */,
				78321E93258C06C8001A2A5B /* LocalQuickStorage */,
			);
			name = Services;
			sourceTree = "<group>";
		};
		78321E93258C06C8001A2A5B /* LocalQuickStorage */ = {
			isa = PBXGroup;
			children = (
				78321E94258C06F1001A2A5B /* UserDefaultsService.swift */,
			);
			name = LocalQuickStorage;
			sourceTree = "<group>";
		};
		78321E9A258C07CB001A2A5B /* Worker */ = {
			isa = PBXGroup;
			children = (
				78321E9B258C07F6001A2A5B /* LocalQuickStorageWorkerTests.swift */,
				78321F3D258C4339001A2A5B /* EntryWorkerTests.swift */,
			);
			name = Worker;
			sourceTree = "<group>";
		};
		78321EA1258C0C38001A2A5B /* CustomCells */ = {
			isa = PBXGroup;
			children = (
				78321EB2258C0C89001A2A5B /* SettingsCustomTableViewCell.swift */,
				78321EB3258C0C89001A2A5B /* SettingsCustomTableViewCell.xib */,
			);
			name = CustomCells;
			sourceTree = "<group>";
		};
		78321F26258C37F5001A2A5B /* Models */ = {
			isa = PBXGroup;
			children = (
				78321F42258C47D0001A2A5B /* Structs */,
				78321F27258C37FD001A2A5B /* Realm */,
			);
			name = Models;
			sourceTree = "<group>";
		};
		78321F27258C37FD001A2A5B /* Realm */ = {
			isa = PBXGroup;
			children = (
				78321F28258C3825001A2A5B /* RealmEntryModel.swift */,
			);
			name = Realm;
			sourceTree = "<group>";
		};
		78321F32258C3C6A001A2A5B /* Database */ = {
			isa = PBXGroup;
			children = (
				78321F33258C3CC4001A2A5B /* EntryRealmStore.swift */,
			);
			name = Database;
			sourceTree = "<group>";
		};
		78321F42258C47D0001A2A5B /* Structs */ = {
			isa = PBXGroup;
			children = (
				31AA46D91D0B4249006C42BA /* EntryModel.swift */,
			);
			name = Structs;
			sourceTree = "<group>";
		};
		78321F49258C4C6C001A2A5B /* EntryTableCustomTableViewCell */ = {
			isa = PBXGroup;
			children = (
				78321F4A258C4C9D001A2A5B /* EntryCustomTableViewCell.swift */,
				78321F4B258C4C9D001A2A5B /* EntryCustomTableViewCell.xib */,
			);
			name = EntryTableCustomTableViewCell;
			sourceTree = "<group>";
		};
		78474BDB258CDBA100C78ACE /* MainEntry */ = {
			isa = PBXGroup;
			children = (
				78474BDC258CDBD900C78ACE /* MainEntryPresenter.swift */,
				78474BDD258CDBD900C78ACE /* MainEntryWorker.swift */,
				78474BDE258CDBD900C78ACE /* MainEntryRouter.swift */,
				78474BDF258CDBD900C78ACE /* MainEntryModels.swift */,
				7879A65E258D762300E0896F /* MainEntryInteractor.swift */,
				78474BE0258CDBD900C78ACE /* MainEntryViewController.swift */,
				78474BE1258CDBD900C78ACE /* MainEntryStoreInteractor.swift */,
			);
			name = MainEntry;
			sourceTree = "<group>";
		};
		78474BF6258CF20500C78ACE /* TopEntries */ = {
			isa = PBXGroup;
			children = (
				78474C13258CF54F00C78ACE /* TopEntry.storyboard */,
				78474C03258CF3B400C78ACE /* TopEntriesViewController.swift */,
				78474C04258CF3B400C78ACE /* TopEntriesInteractor.swift */,
			);
			name = TopEntries;
			sourceTree = "<group>";
		};
		7879A5C3258CFBA700E0896F /* MainEntry */ = {
			isa = PBXGroup;
			children = (
				7879A5CA258CFBD900E0896F /* MainEntryPresenterTests.swift */,
			);
			name = MainEntry;
			sourceTree = "<group>";
		};
		7879A5D6258CFDCD00E0896F /* RedditAPI */ = {
			isa = PBXGroup;
			children = (
				7879A5D7258CFDF600E0896F /* RedditAPI.swift */,
				7879A623258D2F1E00E0896F /* RedditMockAPI.swift */,
			);
			name = RedditAPI;
			sourceTree = "<group>";
		};
		7879A5DD258D028600E0896F /* TopEntries */ = {
			isa = PBXGroup;
			children = (
				7879A5DE258D02A500E0896F /* TopEntriesInteractorTests.swift */,
				7879A5E4258D02D000E0896F /* TopEntriesViewControllerTests.swift */,
			);
			name = TopEntries;
			sourceTree = "<group>";
		};
		7879A63D258D54E200E0896F /* Helpers */ = {
			isa = PBXGroup;
			children = (
				7879A63E258D54F600E0896F /* TimerHelperTests.swift */,
			);
			name = Helpers;
			sourceTree = "<group>";
		};
		7879A662258D787500E0896F /* URLDetail */ = {
			isa = PBXGroup;
			children = (
				7879A679258D7B3600E0896F /* URLDetail.storyboard */,
				7879A667258D7A9E00E0896F /* URLDetailPresenter.swift */,
				7879A669258D7A9E00E0896F /* URLDetailRouter.swift */,
				7879A66A258D7A9E00E0896F /* URLDetailModels.swift */,
				7879A66B258D7A9E00E0896F /* URLDetailViewController.swift */,
				7879A66C258D7A9E00E0896F /* URLDetailInteractor.swift */,
			);
			name = URLDetail;
			sourceTree = "<group>";
		};
		78971BEF258D836B00B5E0E9 /* URLDetail */ = {
			isa = PBXGroup;
			children = (
				78971BF6258D839800B5E0E9 /* URLDetailInteractorTests.swift */,
				78971BFA258D83D200B5E0E9 /* URLDetailPresenterTests.swift */,
				78971BF0258D837A00B5E0E9 /* URLDetailViewControllerTests.swift */,
			);
			name = URLDetail;
			sourceTree = "<group>";
		};
		DC79D014F630542BD50DA36A /* Frameworks */ = {
			isa = PBXGroup;
			children = (
				34388C31C36FB7BDA62CC9DD /* Pods_freeza.framework */,
				909A33091845AEBB4ED300C4 /* Pods_freezaTests.framework */,
			);
			name = Frameworks;
			sourceTree = "<group>";
		};
/* End PBXGroup section */

/* Begin PBXNativeTarget section */
		31CAC1421D0B412600E553AC /* freeza */ = {
			isa = PBXNativeTarget;
			buildConfigurationList = 31CAC1601D0B412600E553AC /* Build configuration list for PBXNativeTarget "freeza" */;
			buildPhases = (
				BC363A68408FC79D5F09BC72 /* [CP] Check Pods Manifest.lock */,
				31CAC13F1D0B412600E553AC /* Sources */,
				31CAC1401D0B412600E553AC /* Frameworks */,
				31CAC1411D0B412600E553AC /* Resources */,
				C0B9FC06013453987DEC4665 /* [CP] Embed Pods Frameworks */,
			);
			buildRules = (
			);
			dependencies = (
			);
			name = freeza;
			productName = freeza;
			productReference = 31CAC1431D0B412600E553AC /* freeza.app */;
			productType = "com.apple.product-type.application";
		};
		31CAC1561D0B412600E553AC /* freezaTests */ = {
			isa = PBXNativeTarget;
			buildConfigurationList = 31CAC1631D0B412600E553AC /* Build configuration list for PBXNativeTarget "freezaTests" */;
			buildPhases = (
				56B6D28CE6AB9D0382CC4BC2 /* [CP] Check Pods Manifest.lock */,
				31CAC1531D0B412600E553AC /* Sources */,
				31CAC1541D0B412600E553AC /* Frameworks */,
				31CAC1551D0B412600E553AC /* Resources */,
			);
			buildRules = (
			);
			dependencies = (
				31CAC1591D0B412600E553AC /* PBXTargetDependency */,
			);
			name = freezaTests;
			productName = freezaTests;
			productReference = 31CAC1571D0B412600E553AC /* freezaTests.xctest */;
			productType = "com.apple.product-type.bundle.unit-test";
		};
/* End PBXNativeTarget section */

/* Begin PBXProject section */
		31CAC13B1D0B412600E553AC /* Project object */ = {
			isa = PBXProject;
			attributes = {
				LastSwiftUpdateCheck = 0730;
				LastUpgradeCheck = 1220;
				ORGANIZATIONNAME = Zerously;
				TargetAttributes = {
					31CAC1421D0B412600E553AC = {
						CreatedOnToolsVersion = 7.3.1;
						DevelopmentTeam = YZ2TPBNCEE;
						LastSwiftMigration = 1220;
					};
					31CAC1561D0B412600E553AC = {
						CreatedOnToolsVersion = 7.3.1;
						LastSwiftMigration = 1220;
						TestTargetID = 31CAC1421D0B412600E553AC;
					};
				};
			};
			buildConfigurationList = 31CAC13E1D0B412600E553AC /* Build configuration list for PBXProject "freeza" */;
			compatibilityVersion = "Xcode 3.2";
			developmentRegion = en;
			hasScannedForEncodings = 0;
			knownRegions = (
				en,
				Base,
			);
			mainGroup = 31CAC13A1D0B412600E553AC;
			productRefGroup = 31CAC1441D0B412600E553AC /* Products */;
			projectDirPath = "";
			projectRoot = "";
			targets = (
				31CAC1421D0B412600E553AC /* freeza */,
				31CAC1561D0B412600E553AC /* freezaTests */,
			);
		};
/* End PBXProject section */

/* Begin PBXResourcesBuildPhase section */
		31CAC1411D0B412600E553AC /* Resources */ = {
			isa = PBXResourcesBuildPhase;
			buildActionMask = 2147483647;
			files = (
				31CAC14E1D0B412600E553AC /* Assets.xcassets in Resources */,
				78321E3C258BF1A9001A2A5B /* Settings.storyboard in Resources */,
				7879A67A258D7B3600E0896F /* URLDetail.storyboard in Resources */,
				78321EB5258C0C89001A2A5B /* SettingsCustomTableViewCell.xib in Resources */,
				78321E80258C0218001A2A5B /* LaunchScreen.storyboard in Resources */,
				78474BD4258C5F6400C78ACE /* Favorites.storyboard in Resources */,
				78321E7F258C0218001A2A5B /* Main.storyboard in Resources */,
				78321F4D258C4C9D001A2A5B /* EntryCustomTableViewCell.xib in Resources */,
				78474C14258CF54F00C78ACE /* TopEntry.storyboard in Resources */,
			);
			runOnlyForDeploymentPostprocessing = 0;
		};
		31CAC1551D0B412600E553AC /* Resources */ = {
			isa = PBXResourcesBuildPhase;
			buildActionMask = 2147483647;
			files = (
			);
			runOnlyForDeploymentPostprocessing = 0;
		};
/* End PBXResourcesBuildPhase section */

/* Begin PBXShellScriptBuildPhase section */
		56B6D28CE6AB9D0382CC4BC2 /* [CP] Check Pods Manifest.lock */ = {
			isa = PBXShellScriptBuildPhase;
			buildActionMask = 2147483647;
			files = (
			);
			inputFileListPaths = (
			);
			inputPaths = (
				"${PODS_PODFILE_DIR_PATH}/Podfile.lock",
				"${PODS_ROOT}/Manifest.lock",
			);
			name = "[CP] Check Pods Manifest.lock";
			outputFileListPaths = (
			);
			outputPaths = (
				"$(DERIVED_FILE_DIR)/Pods-freezaTests-checkManifestLockResult.txt",
			);
			runOnlyForDeploymentPostprocessing = 0;
			shellPath = /bin/sh;
			shellScript = "diff \"${PODS_PODFILE_DIR_PATH}/Podfile.lock\" \"${PODS_ROOT}/Manifest.lock\" > /dev/null\nif [ $? != 0 ] ; then\n    # print error to STDERR\n    echo \"error: The sandbox is not in sync with the Podfile.lock. Run 'pod install' or update your CocoaPods installation.\" >&2\n    exit 1\nfi\n# This output is used by Xcode 'outputs' to avoid re-running this script phase.\necho \"SUCCESS\" > \"${SCRIPT_OUTPUT_FILE_0}\"\n";
			showEnvVarsInLog = 0;
		};
		BC363A68408FC79D5F09BC72 /* [CP] Check Pods Manifest.lock */ = {
			isa = PBXShellScriptBuildPhase;
			buildActionMask = 2147483647;
			files = (
			);
			inputFileListPaths = (
			);
			inputPaths = (
				"${PODS_PODFILE_DIR_PATH}/Podfile.lock",
				"${PODS_ROOT}/Manifest.lock",
			);
			name = "[CP] Check Pods Manifest.lock";
			outputFileListPaths = (
			);
			outputPaths = (
				"$(DERIVED_FILE_DIR)/Pods-freeza-checkManifestLockResult.txt",
			);
			runOnlyForDeploymentPostprocessing = 0;
			shellPath = /bin/sh;
			shellScript = "diff \"${PODS_PODFILE_DIR_PATH}/Podfile.lock\" \"${PODS_ROOT}/Manifest.lock\" > /dev/null\nif [ $? != 0 ] ; then\n    # print error to STDERR\n    echo \"error: The sandbox is not in sync with the Podfile.lock. Run 'pod install' or update your CocoaPods installation.\" >&2\n    exit 1\nfi\n# This output is used by Xcode 'outputs' to avoid re-running this script phase.\necho \"SUCCESS\" > \"${SCRIPT_OUTPUT_FILE_0}\"\n";
			showEnvVarsInLog = 0;
		};
		C0B9FC06013453987DEC4665 /* [CP] Embed Pods Frameworks */ = {
			isa = PBXShellScriptBuildPhase;
			buildActionMask = 2147483647;
			files = (
			);
			inputPaths = (
				"${PODS_ROOT}/Target Support Files/Pods-freeza/Pods-freeza-frameworks.sh",
				"${BUILT_PRODUCTS_DIR}/Realm/Realm.framework",
				"${BUILT_PRODUCTS_DIR}/RealmSwift/RealmSwift.framework",
			);
			name = "[CP] Embed Pods Frameworks";
			outputPaths = (
				"${TARGET_BUILD_DIR}/${FRAMEWORKS_FOLDER_PATH}/Realm.framework",
				"${TARGET_BUILD_DIR}/${FRAMEWORKS_FOLDER_PATH}/RealmSwift.framework",
			);
			runOnlyForDeploymentPostprocessing = 0;
			shellPath = /bin/sh;
			shellScript = "\"${PODS_ROOT}/Target Support Files/Pods-freeza/Pods-freeza-frameworks.sh\"\n";
			showEnvVarsInLog = 0;
		};
/* End PBXShellScriptBuildPhase section */

/* Begin PBXSourcesBuildPhase section */
		31CAC13F1D0B412600E553AC /* Sources */ = {
			isa = PBXSourcesBuildPhase;
			buildActionMask = 2147483647;
			files = (
				78321E62258BF953001A2A5B /* TestUtilities.swift in Sources */,
				78321F2F258C3A0A001A2A5B /* EntryWorker.swift in Sources */,
				78474BE6258CDBD900C78ACE /* MainEntryViewController.swift in Sources */,
				7879A65F258D762300E0896F /* MainEntryInteractor.swift in Sources */,
				78321F4C258C4C9D001A2A5B /* EntryCustomTableViewCell.swift in Sources */,
				7879A64F258D5E2C00E0896F /* UserDefaults+Custom.swift in Sources */,
				31AA46DA1D0B4249006C42BA /* EntryModel.swift in Sources */,
				7879A66F258D7A9E00E0896F /* URLDetailRouter.swift in Sources */,
				78474BB3258C597E00C78ACE /* UIView+Animations.swift in Sources */,
				31CAC1471D0B412600E553AC /* AppDelegate.swift in Sources */,
				78474BE2258CDBD900C78ACE /* MainEntryPresenter.swift in Sources */,
				78321E31258BF140001A2A5B /* FavoritesInteractor.swift in Sources */,
				7879A624258D2F1E00E0896F /* RedditMockAPI.swift in Sources */,
				78321EB4258C0C89001A2A5B /* SettingsCustomTableViewCell.swift in Sources */,
				7879A672258D7A9E00E0896F /* URLDetailInteractor.swift in Sources */,
				7879A5D3258CFD0800E0896F /* APIWorker.swift in Sources */,
				78474C09258CF3B400C78ACE /* TopEntriesViewController.swift in Sources */,
				78321E95258C06F1001A2A5B /* UserDefaultsService.swift in Sources */,
				7879A615258D12D000E0896F /* DispatchQueueHelper.swift in Sources */,
				78321E1E258BF12A001A2A5B /* SettingsPresenter.swift in Sources */,
				78474BE7258CDBD900C78ACE /* MainEntryStoreInteractor.swift in Sources */,
				78321E22258BF12A001A2A5B /* SettingsViewController.swift in Sources */,
				78474C0A258CF3B400C78ACE /* TopEntriesInteractor.swift in Sources */,
				78321E21258BF12A001A2A5B /* SettingsModels.swift in Sources */,
				78321F29258C3825001A2A5B /* RealmEntryModel.swift in Sources */,
				78474BE4258CDBD900C78ACE /* MainEntryRouter.swift in Sources */,
				78474BE5258CDBD900C78ACE /* MainEntryModels.swift in Sources */,
				78321E30258BF140001A2A5B /* FavoritesViewController.swift in Sources */,
				78321E20258BF12A001A2A5B /* SettingsRouter.swift in Sources */,
				78321F3A258C3F06001A2A5B /* RealmHelper.swift in Sources */,
				78321E1F258BF12A001A2A5B /* SettingsWorker.swift in Sources */,
				7879A670258D7A9E00E0896F /* URLDetailModels.swift in Sources */,
				78474BD8258C60ED00C78ACE /* UIImage+Effects.swift in Sources */,
				78474BE3258CDBD900C78ACE /* MainEntryWorker.swift in Sources */,
				7879A671258D7A9E00E0896F /* URLDetailViewController.swift in Sources */,
				78321F34258C3CC4001A2A5B /* EntryRealmStore.swift in Sources */,
				7879A66D258D7A9E00E0896F /* URLDetailPresenter.swift in Sources */,
				78321E8D258C054E001A2A5B /* LocalQuickStorageWorker.swift in Sources */,
				78321E23258BF12A001A2A5B /* SettingsInteractor.swift in Sources */,
				7879A5D8258CFDF600E0896F /* RedditAPI.swift in Sources */,
				78321E66258BFA09001A2A5B /* Constants.swift in Sources */,
			);
			runOnlyForDeploymentPostprocessing = 0;
		};
		31CAC1531D0B412600E553AC /* Sources */ = {
			isa = PBXSourcesBuildPhase;
			buildActionMask = 2147483647;
			files = (
				78321E5D258BF721001A2A5B /* FavoritesViewControllerTests.swift in Sources */,
				78971BF1258D837A00B5E0E9 /* URLDetailViewControllerTests.swift in Sources */,
				78321E45258BF62A001A2A5B /* SettingsViewControllerTests.swift in Sources */,
				78971BF7258D839800B5E0E9 /* URLDetailInteractorTests.swift in Sources */,
				78321E4B258BF650001A2A5B /* SettingsInteractorTests.swift in Sources */,
				78321E55258BF6F8001A2A5B /* FavoritesInteractorTests.swift in Sources */,
				7879A5DF258D02A500E0896F /* TopEntriesInteractorTests.swift in Sources */,
				78971BFB258D83D200B5E0E9 /* URLDetailPresenterTests.swift in Sources */,
				7879A5CB258CFBD900E0896F /* MainEntryPresenterTests.swift in Sources */,
				78321F3E258C4339001A2A5B /* EntryWorkerTests.swift in Sources */,
				7879A63F258D54F600E0896F /* TimerHelperTests.swift in Sources */,
				78321E4F258BF662001A2A5B /* SettingsPresenterTests.swift in Sources */,
				78321E9C258C07F6001A2A5B /* LocalQuickStorageWorkerTests.swift in Sources */,
				7879A5E5258D02D000E0896F /* TopEntriesViewControllerTests.swift in Sources */,
			);
			runOnlyForDeploymentPostprocessing = 0;
		};
/* End PBXSourcesBuildPhase section */

/* Begin PBXTargetDependency section */
		31CAC1591D0B412600E553AC /* PBXTargetDependency */ = {
			isa = PBXTargetDependency;
			target = 31CAC1421D0B412600E553AC /* freeza */;
			targetProxy = 31CAC1581D0B412600E553AC /* PBXContainerItemProxy */;
		};
/* End PBXTargetDependency section */

/* Begin XCBuildConfiguration section */
		31CAC15E1D0B412600E553AC /* Debug */ = {
			isa = XCBuildConfiguration;
			buildSettings = {
				ALWAYS_SEARCH_USER_PATHS = NO;
				CLANG_ANALYZER_LOCALIZABILITY_NONLOCALIZED = YES;
				CLANG_ANALYZER_NONNULL = YES;
				CLANG_CXX_LANGUAGE_STANDARD = "gnu++0x";
				CLANG_CXX_LIBRARY = "libc++";
				CLANG_ENABLE_MODULES = YES;
				CLANG_ENABLE_OBJC_ARC = YES;
				CLANG_WARN_BLOCK_CAPTURE_AUTORELEASING = YES;
				CLANG_WARN_BOOL_CONVERSION = YES;
				CLANG_WARN_COMMA = YES;
				CLANG_WARN_CONSTANT_CONVERSION = YES;
				CLANG_WARN_DEPRECATED_OBJC_IMPLEMENTATIONS = YES;
				CLANG_WARN_DIRECT_OBJC_ISA_USAGE = YES_ERROR;
				CLANG_WARN_EMPTY_BODY = YES;
				CLANG_WARN_ENUM_CONVERSION = YES;
				CLANG_WARN_INFINITE_RECURSION = YES;
				CLANG_WARN_INT_CONVERSION = YES;
				CLANG_WARN_NON_LITERAL_NULL_CONVERSION = YES;
				CLANG_WARN_OBJC_IMPLICIT_RETAIN_SELF = YES;
				CLANG_WARN_OBJC_LITERAL_CONVERSION = YES;
				CLANG_WARN_OBJC_ROOT_CLASS = YES_ERROR;
				CLANG_WARN_QUOTED_INCLUDE_IN_FRAMEWORK_HEADER = YES;
				CLANG_WARN_RANGE_LOOP_ANALYSIS = YES;
				CLANG_WARN_STRICT_PROTOTYPES = YES;
				CLANG_WARN_SUSPICIOUS_MOVE = YES;
				CLANG_WARN_UNREACHABLE_CODE = YES;
				CLANG_WARN__DUPLICATE_METHOD_MATCH = YES;
				"CODE_SIGN_IDENTITY[sdk=iphoneos*]" = "iPhone Developer";
				COPY_PHASE_STRIP = NO;
				DEBUG_INFORMATION_FORMAT = dwarf;
				ENABLE_STRICT_OBJC_MSGSEND = YES;
				ENABLE_TESTABILITY = YES;
				GCC_C_LANGUAGE_STANDARD = gnu99;
				GCC_DYNAMIC_NO_PIC = NO;
				GCC_NO_COMMON_BLOCKS = YES;
				GCC_OPTIMIZATION_LEVEL = 0;
				GCC_PREPROCESSOR_DEFINITIONS = (
					"DEBUG=1",
					"$(inherited)",
				);
				GCC_WARN_64_TO_32_BIT_CONVERSION = YES;
				GCC_WARN_ABOUT_RETURN_TYPE = YES_ERROR;
				GCC_WARN_UNDECLARED_SELECTOR = YES;
				GCC_WARN_UNINITIALIZED_AUTOS = YES_AGGRESSIVE;
				GCC_WARN_UNUSED_FUNCTION = YES;
				GCC_WARN_UNUSED_VARIABLE = YES;
				IPHONEOS_DEPLOYMENT_TARGET = 12.0;
				MTL_ENABLE_DEBUG_INFO = YES;
				ONLY_ACTIVE_ARCH = YES;
				SDKROOT = iphoneos;
				SWIFT_OPTIMIZATION_LEVEL = "-Onone";
			};
			name = Debug;
		};
		31CAC15F1D0B412600E553AC /* Release */ = {
			isa = XCBuildConfiguration;
			buildSettings = {
				ALWAYS_SEARCH_USER_PATHS = NO;
				CLANG_ANALYZER_LOCALIZABILITY_NONLOCALIZED = YES;
				CLANG_ANALYZER_NONNULL = YES;
				CLANG_CXX_LANGUAGE_STANDARD = "gnu++0x";
				CLANG_CXX_LIBRARY = "libc++";
				CLANG_ENABLE_MODULES = YES;
				CLANG_ENABLE_OBJC_ARC = YES;
				CLANG_WARN_BLOCK_CAPTURE_AUTORELEASING = YES;
				CLANG_WARN_BOOL_CONVERSION = YES;
				CLANG_WARN_COMMA = YES;
				CLANG_WARN_CONSTANT_CONVERSION = YES;
				CLANG_WARN_DEPRECATED_OBJC_IMPLEMENTATIONS = YES;
				CLANG_WARN_DIRECT_OBJC_ISA_USAGE = YES_ERROR;
				CLANG_WARN_EMPTY_BODY = YES;
				CLANG_WARN_ENUM_CONVERSION = YES;
				CLANG_WARN_INFINITE_RECURSION = YES;
				CLANG_WARN_INT_CONVERSION = YES;
				CLANG_WARN_NON_LITERAL_NULL_CONVERSION = YES;
				CLANG_WARN_OBJC_IMPLICIT_RETAIN_SELF = YES;
				CLANG_WARN_OBJC_LITERAL_CONVERSION = YES;
				CLANG_WARN_OBJC_ROOT_CLASS = YES_ERROR;
				CLANG_WARN_QUOTED_INCLUDE_IN_FRAMEWORK_HEADER = YES;
				CLANG_WARN_RANGE_LOOP_ANALYSIS = YES;
				CLANG_WARN_STRICT_PROTOTYPES = YES;
				CLANG_WARN_SUSPICIOUS_MOVE = YES;
				CLANG_WARN_UNREACHABLE_CODE = YES;
				CLANG_WARN__DUPLICATE_METHOD_MATCH = YES;
				"CODE_SIGN_IDENTITY[sdk=iphoneos*]" = "iPhone Developer";
				COPY_PHASE_STRIP = NO;
				DEBUG_INFORMATION_FORMAT = "dwarf-with-dsym";
				ENABLE_NS_ASSERTIONS = NO;
				ENABLE_STRICT_OBJC_MSGSEND = YES;
				GCC_C_LANGUAGE_STANDARD = gnu99;
				GCC_NO_COMMON_BLOCKS = YES;
				GCC_WARN_64_TO_32_BIT_CONVERSION = YES;
				GCC_WARN_ABOUT_RETURN_TYPE = YES_ERROR;
				GCC_WARN_UNDECLARED_SELECTOR = YES;
				GCC_WARN_UNINITIALIZED_AUTOS = YES_AGGRESSIVE;
				GCC_WARN_UNUSED_FUNCTION = YES;
				GCC_WARN_UNUSED_VARIABLE = YES;
				IPHONEOS_DEPLOYMENT_TARGET = 12.0;
				MTL_ENABLE_DEBUG_INFO = NO;
				SDKROOT = iphoneos;
				SWIFT_OPTIMIZATION_LEVEL = "-Owholemodule";
				VALIDATE_PRODUCT = YES;
			};
			name = Release;
		};
		31CAC1611D0B412600E553AC /* Debug */ = {
			isa = XCBuildConfiguration;
			baseConfigurationReference = CE0298C6E706765A2C7201CD /* Pods-freeza.debug.xcconfig */;
			buildSettings = {
				ASSETCATALOG_COMPILER_APPICON_NAME = AppIcon;
				DEVELOPMENT_TEAM = YZ2TPBNCEE;
				INFOPLIST_FILE = freeza/Info.plist;
				LD_RUNPATH_SEARCH_PATHS = "$(inherited) @executable_path/Frameworks";
				PRODUCT_BUNDLE_IDENTIFIER = com.veuxlabs.freeza;
				PRODUCT_NAME = "$(TARGET_NAME)";
				SWIFT_SWIFT3_OBJC_INFERENCE = Default;
				SWIFT_VERSION = 5.0;
			};
			name = Debug;
		};
		31CAC1621D0B412600E553AC /* Release */ = {
			isa = XCBuildConfiguration;
			baseConfigurationReference = EF9C87927D54562199904464 /* Pods-freeza.release.xcconfig */;
			buildSettings = {
				ASSETCATALOG_COMPILER_APPICON_NAME = AppIcon;
				DEVELOPMENT_TEAM = YZ2TPBNCEE;
				INFOPLIST_FILE = freeza/Info.plist;
				LD_RUNPATH_SEARCH_PATHS = "$(inherited) @executable_path/Frameworks";
				PRODUCT_BUNDLE_IDENTIFIER = com.veuxlabs.freeza;
				PRODUCT_NAME = "$(TARGET_NAME)";
				SWIFT_SWIFT3_OBJC_INFERENCE = Default;
				SWIFT_VERSION = 5.0;
			};
			name = Release;
		};
		31CAC1641D0B412600E553AC /* Debug */ = {
			isa = XCBuildConfiguration;
			baseConfigurationReference = C6EC1E143D91C81BF8284811 /* Pods-freezaTests.debug.xcconfig */;
			buildSettings = {
				BUNDLE_LOADER = "$(TEST_HOST)";
				INFOPLIST_FILE = freezaTests/Info.plist;
				LD_RUNPATH_SEARCH_PATHS = "$(inherited) @executable_path/Frameworks @loader_path/Frameworks";
				PRODUCT_BUNDLE_IDENTIFIER = com.zerously.freezaTests;
				PRODUCT_NAME = "$(TARGET_NAME)";
				SWIFT_VERSION = 5.0;
				TEST_HOST = "$(BUILT_PRODUCTS_DIR)/freeza.app/freeza";
			};
			name = Debug;
		};
		31CAC1651D0B412600E553AC /* Release */ = {
			isa = XCBuildConfiguration;
			baseConfigurationReference = F5AA146945BAF07FBF40D6E7 /* Pods-freezaTests.release.xcconfig */;
			buildSettings = {
				BUNDLE_LOADER = "$(TEST_HOST)";
				INFOPLIST_FILE = freezaTests/Info.plist;
				LD_RUNPATH_SEARCH_PATHS = "$(inherited) @executable_path/Frameworks @loader_path/Frameworks";
				PRODUCT_BUNDLE_IDENTIFIER = com.zerously.freezaTests;
				PRODUCT_NAME = "$(TARGET_NAME)";
				SWIFT_VERSION = 5.0;
				TEST_HOST = "$(BUILT_PRODUCTS_DIR)/freeza.app/freeza";
			};
			name = Release;
		};
/* End XCBuildConfiguration section */

/* Begin XCConfigurationList section */
		31CAC13E1D0B412600E553AC /* Build configuration list for PBXProject "freeza" */ = {
			isa = XCConfigurationList;
			buildConfigurations = (
				31CAC15E1D0B412600E553AC /* Debug */,
				31CAC15F1D0B412600E553AC /* Release */,
			);
			defaultConfigurationIsVisible = 0;
			defaultConfigurationName = Release;
		};
		31CAC1601D0B412600E553AC /* Build configuration list for PBXNativeTarget "freeza" */ = {
			isa = XCConfigurationList;
			buildConfigurations = (
				31CAC1611D0B412600E553AC /* Debug */,
				31CAC1621D0B412600E553AC /* Release */,
			);
			defaultConfigurationIsVisible = 0;
			defaultConfigurationName = Release;
		};
		31CAC1631D0B412600E553AC /* Build configuration list for PBXNativeTarget "freezaTests" */ = {
			isa = XCConfigurationList;
			buildConfigurations = (
				31CAC1641D0B412600E553AC /* Debug */,
				31CAC1651D0B412600E553AC /* Release */,
			);
			defaultConfigurationIsVisible = 0;
			defaultConfigurationName = Release;
		};
/* End XCConfigurationList section */
	};
	rootObject = 31CAC13B1D0B412600E553AC /* Project object */;
}
